
# Code generated by scarb DO NOT EDIT.
version = 1

[[package]]
name = "mega_package"
version = "0.1.0"
dependencies = [
 "snforge_std",
]

[[package]]
name = "snforge_scarb_plugin"
version = "0.47.0"
source = "registry+https://scarbs.xyz/"
checksum = "sha256:3525e4502541043571678531fced28f753746cb59a8aa79811811218abef6c05"

[[package]]
name = "snforge_std"
version = "0.47.0"
source = "registry+https://scarbs.xyz/"
checksum = "sha256:b8647adcd0f5c9631f88b5a523b2653a82f2349dde2af7213c75f1006fa3f71b"
dependencies = [
 "snforge_scarb_plugin",
]
