# Code generated by scarb DO NOT EDIT.
version = 1

[[package]]
name = "sha_hashes"
version = "0.1.0"
dependencies = [
 "snforge_std",
]

[[package]]
name = "snforge_scarb_plugin"
version = "0.59.0"
source = "registry+https://scarbs.xyz/"
checksum = "sha256:871fba677c03b66a1bf40815dac0ab1b385eb1b9be6e6c3cf2ad9788eeb2b6bb"

[[package]]
name = "snforge_std"
version = "0.59.0"
source = "registry+https://scarbs.xyz/"
checksum = "sha256:3620924fa08bd2d740b2b5b01ef86c8dab3d4b9c2206387c8dbdc8d2ec15133e"
dependencies = [
 "snforge_scarb_plugin",
]
