# Code generated by scarb DO NOT EDIT.
version = 1

[[package]]
name = "balance_simple"
version = "0.1.0"
dependencies = [
 "snforge_std",
]

[[package]]
name = "snforge_scarb_plugin"
version = "0.46.0"
source = "registry+https://scarbs.xyz/"
checksum = "sha256:6ffa10fe0ff525678138afd584fc2012e7b248f9c8e7b44aeae033cef3ee7826"

[[package]]
name = "snforge_std"
version = "0.46.0"
source = "registry+https://scarbs.xyz/"
checksum = "sha256:a4d4b4d3e8506a3907d1eabacb058c390aa13a70132f475cba5e3dcd7a60d0bb"
dependencies = [
 "snforge_scarb_plugin",
]
